// !$*UTF8*$!
{
	archiveVersion = 1;
	classes = {
	};
	objectVersion = 55;
	objects = {

/* Begin PBXBuildFile section */
		9134D1B5281F0B3D004C84D8 /* AppDelegate.swift in Sources */ = {isa = PBXBuildFile; fileRef = 9134D1B4281F0B3D004C84D8 /* AppDelegate.swift */; };
		9134D1B7281F0B3D004C84D8 /* SceneDelegate.swift in Sources */ = {isa = PBXBuildFile; fileRef = 9134D1B6281F0B3D004C84D8 /* SceneDelegate.swift */; };
		9134D1B9281F0B3D004C84D8 /* ViewController.swift in Sources */ = {isa = PBXBuildFile; fileRef = 9134D1B8281F0B3D004C84D8 /* ViewController.swift */; };
		9134D1BC281F0B3D004C84D8 /* Main.storyboard in Resources */ = {isa = PBXBuildFile; fileRef = 9134D1BA281F0B3D004C84D8 /* Main.storyboard */; };
		9134D1BE281F0B40004C84D8 /* Assets.xcassets in Resources */ = {isa = PBXBuildFile; fileRef = 9134D1BD281F0B40004C84D8 /* Assets.xcassets */; };
		9134D1C1281F0B40004C84D8 /* LaunchScreen.storyboard in Resources */ = {isa = PBXBuildFile; fileRef = 9134D1BF281F0B40004C84D8 /* LaunchScreen.storyboard */; };
		9134D1CC281F0B40004C84D8 /* BMI_CalculatorTests.swift in Sources */ = {isa = PBXBuildFile; fileRef = 9134D1CB281F0B40004C84D8 /* BMI_CalculatorTests.swift */; };
		9134D1D6281F0B40004C84D8 /* BMI_CalculatorUITests.swift in Sources */ = {isa = PBXBuildFile; fileRef = 9134D1D5281F0B40004C84D8 /* BMI_CalculatorUITests.swift */; };
		9134D1D8281F0B40004C84D8 /* BMI_CalculatorUITestsLaunchTests.swift in Sources */ = {isa = PBXBuildFile; fileRef = 9134D1D7281F0B40004C84D8 /* BMI_CalculatorUITestsLaunchTests.swift */; };
/* End PBXBuildFile section */

/* Begin PBXContainerItemProxy section */
		9134D1C8281F0B40004C84D8 /* PBXContainerItemProxy */ = {
			isa = PBXContainerItemProxy;
			containerPortal = 9134D1A9281F0B3D004C84D8 /* Project object */;
			proxyType = 1;
			remoteGlobalIDString = 9134D1B0281F0B3D004C84D8;
			remoteInfo = BMI_Calculator;
		};
		9134D1D2281F0B40004C84D8 /* PBXContainerItemProxy */ = {
			isa = PBXContainerItemProxy;
			containerPortal = 9134D1A9281F0B3D004C84D8 /* Project object */;
			proxyType = 1;
			remoteGlobalIDString = 9134D1B0281F0B3D004C84D8;
			remoteInfo = BMI_Calculator;
		};
/* End PBXContainerItemProxy section */

/* Begin PBXFileReference section */
		9134D1B1281F0B3D004C84D8 /* BMI_Calculator.app */ = {isa = PBXFileReference; explicitFileType = wrapper.application; includeInIndex = 0; path = BMI_Calculator.app; sourceTree = BUILT_PRODUCTS_DIR; };
		9134D1B4281F0B3D004C84D8 /* AppDelegate.swift */ = {isa = PBXFileReference; lastKnownFileType = sourcecode.swift; path = AppDelegate.swift; sourceTree = "<group>"; };
		9134D1B6281F0B3D004C84D8 /* SceneDelegate.swift */ = {isa = PBXFileReference; lastKnownFileType = sourcecode.swift; path = SceneDelegate.swift; sourceTree = "<group>"; };
		9134D1B8281F0B3D004C84D8 /* ViewController.swift */ = {isa = PBXFileReference; lastKnownFileType = sourcecode.swift; path = ViewController.swift; sourceTree = "<group>"; };
		9134D1BB281F0B3D004C84D8 /* Base */ = {isa = PBXFileReference; lastKnownFileType = file.storyboard; name = Base; path = Base.lproj/Main.storyboard; sourceTree = "<group>"; };
		9134D1BD281F0B40004C84D8 /* Assets.xcassets */ = {isa = PBXFileReference; lastKnownFileType = folder.assetcatalog; path = Assets.xcassets; sourceTree = "<group>"; };
		9134D1C0281F0B40004C84D8 /* Base */ = {isa = PBXFileReference; lastKnownFileType = file.storyboard; name = Base; path = Base.lproj/LaunchScreen.storyboard; sourceTree = "<group>"; };
		9134D1C2281F0B40004C84D8 /* Info.plist */ = {isa = PBXFileReference; lastKnownFileType = text.plist.xml; path = Info.plist; sourceTree = "<group>"; };
		9134D1C7281F0B40004C84D8 /* BMI_CalculatorTests.xctest */ = {isa = PBXFileReference; explicitFileType = wrapper.cfbundle; includeInIndex = 0; path = BMI_CalculatorTests.xctest; sourceTree = BUILT_PRODUCTS_DIR; };
		9134D1CB281F0B40004C84D8 /* BMI_CalculatorTests.swift */ = {isa = PBXFileReference; lastKnownFileType = sourcecode.swift; path = BMI_CalculatorTests.swift; sourceTree = "<group>"; };
		9134D1D1281F0B40004C84D8 /* BMI_CalculatorUITests.xctest */ = {isa = PBXFileReference; explicitFileType = wrapper.cfbundle; includeInIndex = 0; path = BMI_CalculatorUITests.xctest; sourceTree = BUILT_PRODUCTS_DIR; };
		9134D1D5281F0B40004C84D8 /* BMI_CalculatorUITests.swift */ = {isa = PBXFileReference; lastKnownFileType = sourcecode.swift; path = BMI_CalculatorUITests.swift; sourceTree = "<group>"; };
		9134D1D7281F0B40004C84D8 /* BMI_CalculatorUITestsLaunchTests.swift */ = {isa = PBXFileReference; lastKnownFileType = sourcecode.swift; path = BMI_CalculatorUITestsLaunchTests.swift; sourceTree = "<group>"; };
/* End PBXFileReference section */

/* Begin PBXFrameworksBuildPhase section */
		9134D1AE281F0B3D004C84D8 /* Frameworks */ = {
			isa = PBXFrameworksBuildPhase;
			buildActionMask = 2147483647;
			files = (
			);
			runOnlyForDeploymentPostprocessing = 0;
		};
		9134D1C4281F0B40004C84D8 /* Frameworks */ = {
			isa = PBXFrameworksBuildPhase;
			buildActionMask = 2147483647;
			files = (
			);
			runOnlyForDeploymentPostprocessing = 0;
		};
		9134D1CE281F0B40004C84D8 /* Frameworks */ = {
			isa = PBXFrameworksBuildPhase;
			buildActionMask = 2147483647;
			files = (
			);
			runOnlyForDeploymentPostprocessing = 0;
		};
/* End PBXFrameworksBuildPhase section */

/* Begin PBXGroup section */
		9134D1A8281F0B3D004C84D8 = {
			isa = PBXGroup;
			children = (
				9134D1B3281F0B3D004C84D8 /* BMI_Calculator */,
				9134D1CA281F0B40004C84D8 /* BMI_CalculatorTests */,
				9134D1D4281F0B40004C84D8 /* BMI_CalculatorUITests */,
				9134D1B2281F0B3D004C84D8 /* Products */,
			);
			sourceTree = "<group>";
		};
		9134D1B2281F0B3D004C84D8 /* Products */ = {
			isa = PBXGroup;
			children = (
				9134D1B1281F0B3D004C84D8 /* BMI_Calculator.app */,
				9134D1C7281F0B40004C84D8 /* BMI_CalculatorTests.xctest */,
				9134D1D1281F0B40004C84D8 /* BMI_CalculatorUITests.xctest */,
			);
			name = Products;
			sourceTree = "<group>";
		};
		9134D1B3281F0B3D004C84D8 /* BMI_Calculator */ = {
			isa = PBXGroup;
			children = (
				9134D1B4281F0B3D004C84D8 /* AppDelegate.swift */,
				9134D1B6281F0B3D004C84D8 /* SceneDelegate.swift */,
				9134D1B8281F0B3D004C84D8 /* ViewController.swift */,
				9134D1BA281F0B3D004C84D8 /* Main.storyboard */,
				9134D1BD281F0B40004C84D8 /* Assets.xcassets */,
				9134D1BF281F0B40004C84D8 /* LaunchScreen.storyboard */,
				9134D1C2281F0B40004C84D8 /* Info.plist */,
			);
			path = BMI_Calculator;
			sourceTree = "<group>";
		};
		9134D1CA281F0B40004C84D8 /* BMI_CalculatorTests */ = {
			isa = PBXGroup;
			children = (
				9134D1CB281F0B40004C84D8 /* BMI_CalculatorTests.swift */,
			);
			path = BMI_CalculatorTests;
			sourceTree = "<group>";
		};
		9134D1D4281F0B40004C84D8 /* BMI_CalculatorUITests */ = {
			isa = PBXGroup;
			children = (
				9134D1D5281F0B40004C84D8 /* BMI_CalculatorUITests.swift */,
				9134D1D7281F0B40004C84D8 /* BMI_CalculatorUITestsLaunchTests.swift */,
			);
			path = BMI_CalculatorUITests;
			sourceTree = "<group>";
		};
/* End PBXGroup section */

/* Begin PBXNativeTarget section */
		9134D1B0281F0B3D004C84D8 /* BMI_Calculator */ = {
			isa = PBXNativeTarget;
			buildConfigurationList = 9134D1DB281F0B40004C84D8 /* Build configuration list for PBXNativeTarget "BMI_Calculator" */;
			buildPhases = (
				9134D1AD281F0B3D004C84D8 /* Sources */,
				9134D1AE281F0B3D004C84D8 /* Frameworks */,
				9134D1AF281F0B3D004C84D8 /* Resources */,
			);
			buildRules = (
			);
			dependencies = (
			);
			name = BMI_Calculator;
			productName = BMI_Calculator;
			productReference = 9134D1B1281F0B3D004C84D8 /* BMI_Calculator.app */;
			productType = "com.apple.product-type.application";
		};
		9134D1C6281F0B40004C84D8 /* BMI_CalculatorTests */ = {
			isa = PBXNativeTarget;
			buildConfigurationList = 9134D1DE281F0B40004C84D8 /* Build configuration list for PBXNativeTarget "BMI_CalculatorTests" */;
			buildPhases = (
				9134D1C3281F0B40004C84D8 /* Sources */,
				9134D1C4281F0B40004C84D8 /* Frameworks */,
				9134D1C5281F0B40004C84D8 /* Resources */,
			);
			buildRules = (
			);
			dependencies = (
				9134D1C9281F0B40004C84D8 /* PBXTargetDependency */,
			);
			name = BMI_CalculatorTests;
			productName = BMI_CalculatorTests;
			productReference = 9134D1C7281F0B40004C84D8 /* BMI_CalculatorTests.xctest */;
			productType = "com.apple.product-type.bundle.unit-test";
		};
		9134D1D0281F0B40004C84D8 /* BMI_CalculatorUITests */ = {
			isa = PBXNativeTarget;
			buildConfigurationList = 9134D1E1281F0B40004C84D8 /* Build configuration list for PBXNativeTarget "BMI_CalculatorUITests" */;
			buildPhases = (
				9134D1CD281F0B40004C84D8 /* Sources */,
				9134D1CE281F0B40004C84D8 /* Frameworks */,
				9134D1CF281F0B40004C84D8 /* Resources */,
			);
			buildRules = (
			);
			dependencies = (
				9134D1D3281F0B40004C84D8 /* PBXTargetDependency */,
			);
			name = BMI_CalculatorUITests;
			productName = BMI_CalculatorUITests;
			productReference = 9134D1D1281F0B40004C84D8 /* BMI_CalculatorUITests.xctest */;
			productType = "com.apple.product-type.bundle.ui-testing";
		};
/* End PBXNativeTarget section */

/* Begin PBXProject section */
		9134D1A9281F0B3D004C84D8 /* Project object */ = {
			isa = PBXProject;
			attributes = {
				BuildIndependentTargetsInParallel = 1;
				LastSwiftUpdateCheck = 1330;
				LastUpgradeCheck = 1330;
				TargetAttributes = {
					9134D1B0281F0B3D004C84D8 = {
						CreatedOnToolsVersion = 13.3.1;
					};
					9134D1C6281F0B40004C84D8 = {
						CreatedOnToolsVersion = 13.3.1;
						TestTargetID = 9134D1B0281F0B3D004C84D8;
					};
					9134D1D0281F0B40004C84D8 = {
						CreatedOnToolsVersion = 13.3.1;
						TestTargetID = 9134D1B0281F0B3D004C84D8;
					};
				};
			};
			buildConfigurationList = 9134D1AC281F0B3D004C84D8 /* Build configuration list for PBXProject "BMI_Calculator" */;
			compatibilityVersion = "Xcode 13.0";
			developmentRegion = en;
			hasScannedForEncodings = 0;
			knownRegions = (
				en,
				Base,
			);
			mainGroup = 9134D1A8281F0B3D004C84D8;
			productRefGroup = 9134D1B2281F0B3D004C84D8 /* Products */;
			projectDirPath = "";
			projectRoot = "";
			targets = (
				9134D1B0281F0B3D004C84D8 /* BMI_Calculator */,
				9134D1C6281F0B40004C84D8 /* BMI_CalculatorTests */,
				9134D1D0281F0B40004C84D8 /* BMI_CalculatorUITests */,
			);
		};
/* End PBXProject section */

/* Begin PBXResourcesBuildPhase section */
		9134D1AF281F0B3D004C84D8 /* Resources */ = {
			isa = PBXResourcesBuildPhase;
			buildActionMask = 2147483647;
			files = (
				9134D1C1281F0B40004C84D8 /* LaunchScreen.storyboard in Resources */,
				9134D1BE281F0B40004C84D8 /* Assets.xcassets in Resources */,
				9134D1BC281F0B3D004C84D8 /* Main.storyboard in Resources */,
			);
			runOnlyForDeploymentPostprocessing = 0;
		};
		9134D1C5281F0B40004C84D8 /* Resources */ = {
			isa = PBXResourcesBuildPhase;
			buildActionMask = 2147483647;
			files = (
			);
			runOnlyForDeploymentPostprocessing = 0;
		};
		9134D1CF281F0B40004C84D8 /* Resources */ = {
			isa = PBXResourcesBuildPhase;
			buildActionMask = 2147483647;
			files = (
			);
			runOnlyForDeploymentPostprocessing = 0;
		};
/* End PBXResourcesBuildPhase section */

/* Begin PBXSourcesBuildPhase section */
		9134D1AD281F0B3D004C84D8 /* Sources */ = {
			isa = PBXSourcesBuildPhase;
			buildActionMask = 2147483647;
			files = (
				9134D1B9281F0B3D004C84D8 /* ViewController.swift in Sources */,
				9134D1B5281F0B3D004C84D8 /* AppDelegate.swift in Sources */,
				9134D1B7281F0B3D004C84D8 /* SceneDelegate.swift in Sources */,
			);
			runOnlyForDeploymentPostprocessing = 0;
		};
		9134D1C3281F0B40004C84D8 /* Sources */ = {
			isa = PBXSourcesBuildPhase;
			buildActionMask = 2147483647;
			files = (
				9134D1CC281F0B40004C84D8 /* BMI_CalculatorTests.swift in Sources */,
			);
			runOnlyForDeploymentPostprocessing = 0;
		};
		9134D1CD281F0B40004C84D8 /* Sources */ = {
			isa = PBXSourcesBuildPhase;
			buildActionMask = 2147483647;
			files = (
				9134D1D6281F0B40004C84D8 /* BMI_CalculatorUITests.swift in Sources */,
				9134D1D8281F0B40004C84D8 /* BMI_CalculatorUITestsLaunchTests.swift in Sources */,
			);
			runOnlyForDeploymentPostprocessing = 0;
		};
/* End PBXSourcesBuildPhase section */

/* Begin PBXTargetDependency section */
		9134D1C9281F0B40004C84D8 /* PBXTargetDependency */ = {
			isa = PBXTargetDependency;
			target = 9134D1B0281F0B3D004C84D8 /* BMI_Calculator */;
			targetProxy = 9134D1C8281F0B40004C84D8 /* PBXContainerItemProxy */;
		};
		9134D1D3281F0B40004C84D8 /* PBXTargetDependency */ = {
			isa = PBXTargetDependency;
			target = 9134D1B0281F0B3D004C84D8 /* BMI_Calculator */;
			targetProxy = 9134D1D2281F0B40004C84D8 /* PBXContainerItemProxy */;
		};
/* End PBXTargetDependency section */

/* Begin PBXVariantGroup section */
		9134D1BA281F0B3D004C84D8 /* Main.storyboard */ = {
			isa = PBXVariantGroup;
			children = (
				9134D1BB281F0B3D004C84D8 /* Base */,
			);
			name = Main.storyboard;
			sourceTree = "<group>";
		};
		9134D1BF281F0B40004C84D8 /* LaunchScreen.storyboard */ = {
			isa = PBXVariantGroup;
			children = (
				9134D1C0281F0B40004C84D8 /* Base */,
			);
			name = LaunchScreen.storyboard;
			sourceTree = "<group>";
		};
/* End PBXVariantGroup section */

/* Begin XCBuildConfiguration section */
		9134D1D9281F0B40004C84D8 /* Debug */ = {
			isa = XCBuildConfiguration;
			buildSettings = {
				ALWAYS_SEARCH_USER_PATHS = NO;
				CLANG_ANALYZER_NONNULL = YES;
				CLANG_ANALYZER_NUMBER_OBJECT_CONVERSION = YES_AGGRESSIVE;
				CLANG_CXX_LANGUAGE_STANDARD = "gnu++17";
				CLANG_ENABLE_MODULES = YES;
				CLANG_ENABLE_OBJC_ARC = YES;
				CLANG_ENABLE_OBJC_WEAK = YES;
				CLANG_WARN_BLOCK_CAPTURE_AUTORELEASING = YES;
				CLANG_WARN_BOOL_CONVERSION = YES;
				CLANG_WARN_COMMA = YES;
				CLANG_WARN_CONSTANT_CONVERSION = YES;
				CLANG_WARN_DEPRECATED_OBJC_IMPLEMENTATIONS = YES;
				CLANG_WARN_DIRECT_OBJC_ISA_USAGE = YES_ERROR;
				CLANG_WARN_DOCUMENTATION_COMMENTS = YES;
				CLANG_WARN_EMPTY_BODY = YES;
				CLANG_WARN_ENUM_CONVERSION = YES;
				CLANG_WARN_INFINITE_RECURSION = YES;
				CLANG_WARN_INT_CONVERSION = YES;
				CLANG_WARN_NON_LITERAL_NULL_CONVERSION = YES;
				CLANG_WARN_OBJC_IMPLICIT_RETAIN_SELF = YES;
				CLANG_WARN_OBJC_LITERAL_CONVERSION = YES;
				CLANG_WARN_OBJC_ROOT_CLASS = YES_ERROR;
				CLANG_WARN_QUOTED_INCLUDE_IN_FRAMEWORK_HEADER = YES;
				CLANG_WARN_RANGE_LOOP_ANALYSIS = YES;
				CLANG_WARN_STRICT_PROTOTYPES = YES;
				CLANG_WARN_SUSPICIOUS_MOVE = YES;
				CLANG_WARN_UNGUARDED_AVAILABILITY = YES_AGGRESSIVE;
				CLANG_WARN_UNREACHABLE_CODE = YES;
				CLANG_WARN__DUPLICATE_METHOD_MATCH = YES;
				COPY_PHASE_STRIP = NO;
				DEBUG_INFORMATION_FORMAT = dwarf;
				ENABLE_STRICT_OBJC_MSGSEND = YES;
				ENABLE_TESTABILITY = YES;
				GCC_C_LANGUAGE_STANDARD = gnu11;
				GCC_DYNAMIC_NO_PIC = NO;
				GCC_NO_COMMON_BLOCKS = YES;
				GCC_OPTIMIZATION_LEVEL = 0;
				GCC_PREPROCESSOR_DEFINITIONS = (
					"DEBUG=1",
					"$(inherited)",
				);
				GCC_WARN_64_TO_32_BIT_CONVERSION = YES;
				GCC_WARN_ABOUT_RETURN_TYPE = YES_ERROR;
				GCC_WARN_UNDECLARED_SELECTOR = YES;
				GCC_WARN_UNINITIALIZED_AUTOS = YES_AGGRESSIVE;
				GCC_WARN_UNUSED_FUNCTION = YES;
				GCC_WARN_UNUSED_VARIABLE = YES;
				IPHONEOS_DEPLOYMENT_TARGET = 15.4;
				MTL_ENABLE_DEBUG_INFO = INCLUDE_SOURCE;
				MTL_FAST_MATH = YES;
				ONLY_ACTIVE_ARCH = YES;
				SDKROOT = iphoneos;
				SWIFT_ACTIVE_COMPILATION_CONDITIONS = DEBUG;
				SWIFT_OPTIMIZATION_LEVEL = "-Onone";
			};
			name = Debug;
		};
		9134D1DA281F0B40004C84D8 /* Release */ = {
			isa = XCBuildConfiguration;
			buildSettings = {
				ALWAYS_SEARCH_USER_PATHS = NO;
				CLANG_ANALYZER_NONNULL = YES;
				CLANG_ANALYZER_NUMBER_OBJECT_CONVERSION = YES_AGGRESSIVE;
				CLANG_CXX_LANGUAGE_STANDARD = "gnu++17";
				CLANG_ENABLE_MODULES = YES;
				CLANG_ENABLE_OBJC_ARC = YES;
				CLANG_ENABLE_OBJC_WEAK = YES;
				CLANG_WARN_BLOCK_CAPTURE_AUTORELEASING = YES;
				CLANG_WARN_BOOL_CONVERSION = YES;
				CLANG_WARN_COMMA = YES;
				CLANG_WARN_CONSTANT_CONVERSION = YES;
				CLANG_WARN_DEPRECATED_OBJC_IMPLEMENTATIONS = YES;
				CLANG_WARN_DIRECT_OBJC_ISA_USAGE = YES_ERROR;
				CLANG_WARN_DOCUMENTATION_COMMENTS = YES;
				CLANG_WARN_EMPTY_BODY = YES;
				CLANG_WARN_ENUM_CONVERSION = YES;
				CLANG_WARN_INFINITE_RECURSION = YES;
				CLANG_WARN_INT_CONVERSION = YES;
				CLANG_WARN_NON_LITERAL_NULL_CONVERSION = YES;
				CLANG_WARN_OBJC_IMPLICIT_RETAIN_SELF = YES;
				CLANG_WARN_OBJC_LITERAL_CONVERSION = YES;
				CLANG_WARN_OBJC_ROOT_CLASS = YES_ERROR;
				CLANG_WARN_QUOTED_INCLUDE_IN_FRAMEWORK_HEADER = YES;
				CLANG_WARN_RANGE_LOOP_ANALYSIS = YES;
				CLANG_WARN_STRICT_PROTOTYPES = YES;
				CLANG_WARN_SUSPICIOUS_MOVE = YES;
				CLANG_WARN_UNGUARDED_AVAILABILITY = YES_AGGRESSIVE;
				CLANG_WARN_UNREACHABLE_CODE = YES;
				CLANG_WARN__DUPLICATE_METHOD_MATCH = YES;
				COPY_PHASE_STRIP = NO;
				DEBUG_INFORMATION_FORMAT = "dwarf-with-dsym";
				ENABLE_NS_ASSERTIONS = NO;
				ENABLE_STRICT_OBJC_MSGSEND = YES;
				GCC_C_LANGUAGE_STANDARD = gnu11;
				GCC_NO_COMMON_BLOCKS = YES;
				GCC_WARN_64_TO_32_BIT_CONVERSION = YES;
				GCC_WARN_ABOUT_RETURN_TYPE = YES_ERROR;
				GCC_WARN_UNDECLARED_SELECTOR = YES;
				GCC_WARN_UNINITIALIZED_AUTOS = YES_AGGRESSIVE;
				GCC_WARN_UNUSED_FUNCTION = YES;
				GCC_WARN_UNUSED_VARIABLE = YES;
				IPHONEOS_DEPLOYMENT_TARGET = 15.4;
				MTL_ENABLE_DEBUG_INFO = NO;
				MTL_FAST_MATH = YES;
				SDKROOT = iphoneos;
				SWIFT_COMPILATION_MODE = wholemodule;
				SWIFT_OPTIMIZATION_LEVEL = "-O";
				VALIDATE_PRODUCT = YES;
			};
			name = Release;
		};
		9134D1DC281F0B40004C84D8 /* Debug */ = {
			isa = XCBuildConfiguration;
			buildSettings = {
				ASSETCATALOG_COMPILER_APPICON_NAME = AppIcon;
				ASSETCATALOG_COMPILER_GLOBAL_ACCENT_COLOR_NAME = AccentColor;
				CODE_SIGN_STYLE = Automatic;
				CURRENT_PROJECT_VERSION = 1;
				DEVELOPMENT_TEAM = D7Y72H6A55;
				GENERATE_INFOPLIST_FILE = YES;
				INFOPLIST_FILE = BMI_Calculator/Info.plist;
				INFOPLIST_KEY_UIApplicationSupportsIndirectInputEvents = YES;
				INFOPLIST_KEY_UILaunchStoryboardName = LaunchScreen;
				INFOPLIST_KEY_UIMainStoryboardFile = Main;
				INFOPLIST_KEY_UISupportedInterfaceOrientations_iPad = "UIInterfaceOrientationPortrait UIInterfaceOrientationPortraitUpsideDown UIInterfaceOrientationLandscapeLeft UIInterfaceOrientationLandscapeRight";
				INFOPLIST_KEY_UISupportedInterfaceOrientations_iPhone = "UIInterfaceOrientationPortrait UIInterfaceOrientationLandscapeLeft UIInterfaceOrientationLandscapeRight";
				LD_RUNPATH_SEARCH_PATHS = (
					"$(inherited)",
					"@executable_path/Frameworks",
				);
				MARKETING_VERSION = 1.0;
				PRODUCT_BUNDLE_IDENTIFIER = "com.SchumarovVitali.BMI-Calculator";
				PRODUCT_NAME = "$(TARGET_NAME)";
				SWIFT_EMIT_LOC_STRINGS = YES;
				SWIFT_VERSION = 5.0;
				TARGETED_DEVICE_FAMILY = "1,2";
			};
			name = Debug;
		};
		9134D1DD281F0B40004C84D8 /* Release */ = {
			isa = XCBuildConfiguration;
			buildSettings = {
				ASSETCATALOG_COMPILER_APPICON_NAME = AppIcon;
				ASSETCATALOG_COMPILER_GLOBAL_ACCENT_COLOR_NAME = AccentColor;
				CODE_SIGN_STYLE = Automatic;
				CURRENT_PROJECT_VERSION = 1;
				DEVELOPMENT_TEAM = D7Y72H6A55;
				GENERATE_INFOPLIST_FILE = YES;
				INFOPLIST_FILE = BMI_Calculator/Info.plist;
				INFOPLIST_KEY_UIApplicationSupportsIndirectInputEvents = YES;
				INFOPLIST_KEY_UILaunchStoryboardName = LaunchScreen;
				INFOPLIST_KEY_UIMainStoryboardFile = Main;
				INFOPLIST_KEY_UISupportedInterfaceOrientations_iPad = "UIInterfaceOrientationPortrait UIInterfaceOrientationPortraitUpsideDown UIInterfaceOrientationLandscapeLeft UIInterfaceOrientationLandscapeRight";
				INFOPLIST_KEY_UISupportedInterfaceOrientations_iPhone = "UIInterfaceOrientationPortrait UIInterfaceOrientationLandscapeLeft UIInterfaceOrientationLandscapeRight";
				LD_RUNPATH_SEARCH_PATHS = (
					"$(inherited)",
					"@executable_path/Frameworks",
				);
				MARKETING_VERSION = 1.0;
				PRODUCT_BUNDLE_IDENTIFIER = "com.SchumarovVitali.BMI-Calculator";
				PRODUCT_NAME = "$(TARGET_NAME)";
				SWIFT_EMIT_LOC_STRINGS = YES;
				SWIFT_VERSION = 5.0;
				TARGETED_DEVICE_FAMILY = "1,2";
			};
			name = Release;
		};
		9134D1DF281F0B40004C84D8 /* Debug */ = {
			isa = XCBuildConfiguration;
			buildSettings = {
				ALWAYS_EMBED_SWIFT_STANDARD_LIBRARIES = YES;
				BUNDLE_LOADER = "$(TEST_HOST)";
				CODE_SIGN_STYLE = Automatic;
				CURRENT_PROJECT_VERSION = 1;
				DEVELOPMENT_TEAM = D7Y72H6A55;
				GENERATE_INFOPLIST_FILE = YES;
				IPHONEOS_DEPLOYMENT_TARGET = 15.4;
				MARKETING_VERSION = 1.0;
				PRODUCT_BUNDLE_IDENTIFIER = "com.SchumarovVitali.BMI-CalculatorTests";
				PRODUCT_NAME = "$(TARGET_NAME)";
				SWIFT_EMIT_LOC_STRINGS = NO;
				SWIFT_VERSION = 5.0;
				TARGETED_DEVICE_FAMILY = "1,2";
				TEST_HOST = "$(BUILT_PRODUCTS_DIR)/BMI_Calculator.app/BMI_Calculator";
			};
			name = Debug;
		};
		9134D1E0281F0B40004C84D8 /* Release */ = {
			isa = XCBuildConfiguration;
			buildSettings = {
				ALWAYS_EMBED_SWIFT_STANDARD_LIBRARIES = YES;
				BUNDLE_LOADER = "$(TEST_HOST)";
				CODE_SIGN_STYLE = Automatic;
				CURRENT_PROJECT_VERSION = 1;
				DEVELOPMENT_TEAM = D7Y72H6A55;
				GENERATE_INFOPLIST_FILE = YES;
				IPHONEOS_DEPLOYMENT_TARGET = 15.4;
				MARKETING_VERSION = 1.0;
				PRODUCT_BUNDLE_IDENTIFIER = "com.SchumarovVitali.BMI-CalculatorTests";
				PRODUCT_NAME = "$(TARGET_NAME)";
				SWIFT_EMIT_LOC_STRINGS = NO;
				SWIFT_VERSION = 5.0;
				TARGETED_DEVICE_FAMILY = "1,2";
				TEST_HOST = "$(BUILT_PRODUCTS_DIR)/BMI_Calculator.app/BMI_Calculator";
			};
			name = Release;
		};
		9134D1E2281F0B40004C84D8 /* Debug */ = {
			isa = XCBuildConfiguration;
			buildSettings = {
				ALWAYS_EMBED_SWIFT_STANDARD_LIBRARIES = YES;
				CODE_SIGN_STYLE = Automatic;
				CURRENT_PROJECT_VERSION = 1;
				DEVELOPMENT_TEAM = D7Y72H6A55;
				GENERATE_INFOPLIST_FILE = YES;
				MARKETING_VERSION = 1.0;
				PRODUCT_BUNDLE_IDENTIFIER = "com.SchumarovVitali.BMI-CalculatorUITests";
				PRODUCT_NAME = "$(TARGET_NAME)";
				SWIFT_EMIT_LOC_STRINGS = NO;
				SWIFT_VERSION = 5.0;
				TARGETED_DEVICE_FAMILY = "1,2";
				TEST_TARGET_NAME = BMI_Calculator;
			};
			name = Debug;
		};
		9134D1E3281F0B40004C84D8 /* Release */ = {
			isa = XCBuildConfiguration;
			buildSettings = {
				ALWAYS_EMBED_SWIFT_STANDARD_LIBRARIES = YES;
				CODE_SIGN_STYLE = Automatic;
				CURRENT_PROJECT_VERSION = 1;
				DEVELOPMENT_TEAM = D7Y72H6A55;
				GENERATE_INFOPLIST_FILE = YES;
				MARKETING_VERSION = 1.0;
				PRODUCT_BUNDLE_IDENTIFIER = "com.SchumarovVitali.BMI-CalculatorUITests";
				PRODUCT_NAME = "$(TARGET_NAME)";
				SWIFT_EMIT_LOC_STRINGS = NO;
				SWIFT_VERSION = 5.0;
				TARGETED_DEVICE_FAMILY = "1,2";
				TEST_TARGET_NAME = BMI_Calculator;
			};
			name = Release;
		};
/* End XCBuildConfiguration section */

/* Begin XCConfigurationList section */
		9134D1AC281F0B3D004C84D8 /* Build configuration list for PBXProject "BMI_Calculator" */ = {
			isa = XCConfigurationList;
			buildConfigurations = (
				9134D1D9281F0B40004C84D8 /* Debug */,
				9134D1DA281F0B40004C84D8 /* Release */,
			);
			defaultConfigurationIsVisible = 0;
			defaultConfigurationName = Release;
		};
		9134D1DB281F0B40004C84D8 /* Build configuration list for PBXNativeTarget "BMI_Calculator" */ = {
			isa = XCConfigurationList;
			buildConfigurations = (
				9134D1DC281F0B40004C84D8 /* Debug */,
				9134D1DD281F0B40004C84D8 /* Release */,
			);
			defaultConfigurationIsVisible = 0;
			defaultConfigurationName = Release;
		};
		9134D1DE281F0B40004C84D8 /* Build configuration list for PBXNativeTarget "BMI_CalculatorTests" */ = {
			isa = XCConfigurationList;
			buildConfigurations = (
				9134D1DF281F0B40004C84D8 /* Debug */,
				9134D1E0281F0B40004C84D8 /* Release */,
			);
			defaultConfigurationIsVisible = 0;
			defaultConfigurationName = Release;
		};
		9134D1E1281F0B40004C84D8 /* Build configuration list for PBXNativeTarget "BMI_CalculatorUITests" */ = {
			isa = XCConfigurationList;
			buildConfigurations = (
				9134D1E2281F0B40004C84D8 /* Debug */,
				9134D1E3281F0B40004C84D8 /* Release */,
			);
			defaultConfigurationIsVisible = 0;
			defaultConfigurationName = Release;
		};
/* End XCConfigurationList section */
	};
	rootObject = 9134D1A9281F0B3D004C84D8 /* Project object */;
}
